<?xml version="1.0" encoding="utf-8"?>
<Project ToolsVersion="4.0" xmlns="http://schemas.microsoft.com/developer/msbuild/2003">
  <ItemGroup>
    <Filter Include="Geometry">
      <UniqueIdentifier>{d8217dc8-86a3-44ff-b300-dfe53529ae5a}</UniqueIdentifier>
    </Filter>
    <Filter Include="Shapes">
      <UniqueIdentifier>{5b090f3d-676a-4f5e-a4e7-d89ca26149d8}</UniqueIdentifier>
    </Filter>
    <Filter Include="Cameras">
      <UniqueIdentifier>{0576bcaa-6a6e-42ac-b8c4-9ea5f82da80e}</UniqueIdentifier>
    </Filter>
    <Filter Include="Samplers">
      <UniqueIdentifier>{b959767f-bca7-4dc8-9c73-3b2019e5ee73}</UniqueIdentifier>
    </Filter>
    <Filter Include="Filters">
      <UniqueIdentifier>{57f4cb36-7452-42a8-a4c5-00536b81caec}</UniqueIdentifier>
    </Filter>
    <Filter Include="User interface">
      <UniqueIdentifier>{39795467-769c-40d5-b233-8da7a7fde85f}</UniqueIdentifier>
    </Filter>
    <Filter Include="Parsing">
      <UniqueIdentifier>{29488a34-1eb2-49e3-b8cf-a44ce3ca1a22}</UniqueIdentifier>
    </Filter>
    <Filter Include="Materials">
      <UniqueIdentifier>{40cd985a-57c4-4208-9e01-2ced6e828960}</UniqueIdentifier>
    </Filter>
    <Filter Include="BXDFs">
      <UniqueIdentifier>{dad1e993-e986-4d4e-a986-060a873766d7}</UniqueIdentifier>
    </Filter>
    <Filter Include="Textures">
      <UniqueIdentifier>{83bb5053-11a9-4f86-b5fe-d991728b8752}</UniqueIdentifier>
    </Filter>
    <Filter Include="Lights">
      <UniqueIdentifier>{8abfed69-f173-4086-965d-21ab5cac9702}</UniqueIdentifier>
    </Filter>
    <Filter Include="Integrators">
      <UniqueIdentifier>{c8cacd30-1531-48d3-bbd9-667dae55171c}</UniqueIdentifier>
    </Filter>
    <Filter Include="Acceleration structures">
      <UniqueIdentifier>{648eab9e-6a80-4509-aa7a-cb6b3c5a2875}</UniqueIdentifier>
    </Filter>
  </ItemGroup>
  <ItemGroup>
    <ClCompile Include="src\Ray.cpp">
      <Filter>Geometry</Filter>
    </ClCompile>
    <ClCompile Include="src\Transformation.cpp">
      <Filter>Geometry</Filter>
    </ClCompile>
    <ClCompile Include="src\ScatteringEvent.cpp" />
    <ClCompile Include="src\Sphere.cpp">
      <Filter>Shapes</Filter>
    </ClCompile>
    <ClCompile Include="src\Cylinder.cpp">
      <Filter>Shapes</Filter>
    </ClCompile>
    <ClCompile Include="src\Disk.cpp">
      <Filter>Shapes</Filter>
    </ClCompile>
    <ClCompile Include="src\Shape.cpp" />
    <ClCompile Include="src\Model.cpp" />
    <ClCompile Include="src\Spectrum.cpp" />
    <ClCompile Include="src\Camera.cpp" />
    <ClCompile Include="src\OrthographicCamera.cpp">
      <Filter>Cameras</Filter>
    </ClCompile>
    <ClCompile Include="src\PerspectiveCamera.cpp">
      <Filter>Cameras</Filter>
    </ClCompile>
    <ClCompile Include="src\StratifiedSampler.cpp">
      <Filter>Samplers</Filter>
    </ClCompile>
    <ClCompile Include="src\UniformSampler.cpp">
      <Filter>Samplers</Filter>
    </ClCompile>
    <ClCompile Include="src\Sensor.cpp" />
    <ClCompile Include="src\RandomSampler.cpp">
      <Filter>Samplers</Filter>
    </ClCompile>
    <ClCompile Include="src\ParameterSet.cpp">
      <Filter>User interface</Filter>
    </ClCompile>
    <ClCompile Include="src\ray_impact.cpp" />
    <ClCompile Include="src\api.cpp">
      <Filter>User interface</Filter>
    </ClCompile>
    <ClCompile Include="src\Quaternion.cpp">
      <Filter>Geometry</Filter>
    </ClCompile>
    <ClCompile Include="src\AnimatedTransformation.cpp">
      <Filter>Geometry</Filter>
    </ClCompile>
    <ClCompile Include="src\Scene.cpp" />
    <ClCompile Include="src\Integrator.cpp" />
    <ClCompile Include="src\parsing.cpp">
      <Filter>Parsing</Filter>
    </ClCompile>
    <ClCompile Include="src\parsing.flex.cpp">
      <Filter>Parsing</Filter>
    </ClCompile>
    <ClCompile Include="src\parsing.tab.cpp">
      <Filter>Parsing</Filter>
    </ClCompile>
    <ClCompile Include="src\BSDF.cpp" />
    <ClCompile Include="src\MicrofacetDistribution.cpp" />
    <ClCompile Include="src\Material.cpp" />
    <ClCompile Include="src\MatteMaterial.cpp">
      <Filter>Materials</Filter>
    </ClCompile>
    <ClCompile Include="src\PlasticMaterial.cpp">
      <Filter>Materials</Filter>
    </ClCompile>
    <ClCompile Include="src\MixedMaterial.cpp">
      <Filter>Materials</Filter>
    </ClCompile>
    <ClCompile Include="src\Texture.cpp" />
    <ClCompile Include="src\SpecularBRDF.cpp">
      <Filter>BXDFs</Filter>
    </ClCompile>
    <ClCompile Include="src\SpecularBTDF.cpp">
      <Filter>BXDFs</Filter>
    </ClCompile>
    <ClCompile Include="src\SpecularBSDF.cpp">
      <Filter>BXDFs</Filter>
    </ClCompile>
    <ClCompile Include="src\LambertianBRDF.cpp">
      <Filter>BXDFs</Filter>
    </ClCompile>
    <ClCompile Include="src\LambertianBTDF.cpp">
      <Filter>BXDFs</Filter>
    </ClCompile>
    <ClCompile Include="src\OrenNayarBRDF.cpp">
      <Filter>BXDFs</Filter>
    </ClCompile>
    <ClCompile Include="src\MicrofacetBRDF.cpp">
      <Filter>BXDFs</Filter>
    </ClCompile>
    <ClCompile Include="src\MicrofacetBTDF.cpp">
      <Filter>BXDFs</Filter>
    </ClCompile>
    <ClCompile Include="src\FresnelReflector.cpp" />
    <ClCompile Include="src\Sampler.cpp" />
    <ClCompile Include="src\sampling.cpp" />
    <ClCompile Include="src\Light.cpp" />
    <ClCompile Include="src\PointLight.cpp">
      <Filter>Lights</Filter>
    </ClCompile>
    <ClCompile Include="src\SpotLight.cpp">
      <Filter>Lights</Filter>
    </ClCompile>
    <ClCompile Include="src\DistantLight.cpp">
      <Filter>Lights</Filter>
    </ClCompile>
    <ClCompile Include="src\DiffuseAreaLight.cpp">
      <Filter>Lights</Filter>
    </ClCompile>
    <ClCompile Include="src\WhittedIntegrator.cpp">
      <Filter>Integrators</Filter>
    </ClCompile>
    <ClCompile Include="src\BoundingVolumeHierarchy.cpp">
      <Filter>Acceleration structures</Filter>
    </ClCompile>
  </ItemGroup>
  <ItemGroup>
    <ClInclude Include="include\BoundingBox.hpp">
      <Filter>Geometry</Filter>
    </ClInclude>
    <ClInclude Include="include\BoundingRectangle.hpp">
      <Filter>Geometry</Filter>
    </ClInclude>
    <ClInclude Include="include\Ray.hpp">
      <Filter>Geometry</Filter>
    </ClInclude>
    <ClInclude Include="include\Transformation.hpp">
      <Filter>Geometry</Filter>
    </ClInclude>
    <ClInclude Include="include\ScatteringEvent.hpp" />
    <ClInclude Include="include\Sphere.hpp">
      <Filter>Shapes</Filter>
    </ClInclude>
    <ClInclude Include="include\Cylinder.hpp">
      <Filter>Shapes</Filter>
    </ClInclude>
    <ClInclude Include="include\Disk.hpp">
      <Filter>Shapes</Filter>
    </ClInclude>
    <ClInclude Include="include\Shape.hpp" />
    <ClInclude Include="include\Model.hpp" />
    <ClInclude Include="include\Spectrum.hpp" />
    <ClInclude Include="include\spherical.hpp">
      <Filter>Geometry</Filter>
    </ClInclude>
    <ClInclude Include="include\Camera.hpp" />
    <ClInclude Include="include\OrthographicCamera.hpp">
      <Filter>Cameras</Filter>
    </ClInclude>
    <ClInclude Include="include\PerspectiveCamera.hpp">
      <Filter>Cameras</Filter>
    </ClInclude>
    <ClInclude Include="include\StratifiedSampler.hpp">
      <Filter>Samplers</Filter>
    </ClInclude>
    <ClInclude Include="include\UniformSampler.hpp">
      <Filter>Samplers</Filter>
    </ClInclude>
    <ClInclude Include="include\Filter.hpp" />
    <ClInclude Include="include\BoxFilter.hpp">
      <Filter>Filters</Filter>
    </ClInclude>
    <ClInclude Include="include\TriangleFilter.hpp">
      <Filter>Filters</Filter>
    </ClInclude>
    <ClInclude Include="include\GaussianFilter.hpp">
      <Filter>Filters</Filter>
    </ClInclude>
    <ClInclude Include="include\Sensor.hpp" />
    <ClInclude Include="include\geometry.hpp">
      <Filter>Geometry</Filter>
    </ClInclude>
    <ClInclude Include="include\RandomSampler.hpp">
      <Filter>Samplers</Filter>
    </ClInclude>
    <ClInclude Include="include\ParameterSet.hpp">
      <Filter>User interface</Filter>
    </ClInclude>
    <ClInclude Include="include\api.hpp">
      <Filter>User interface</Filter>
    </ClInclude>
    <ClInclude Include="include\Quaternion.hpp">
      <Filter>Geometry</Filter>
    </ClInclude>
    <ClInclude Include="include\AnimatedTransformation.hpp">
      <Filter>Geometry</Filter>
    </ClInclude>
    <ClInclude Include="include\Scene.hpp" />
    <ClInclude Include="include\Integrator.hpp" />
    <ClInclude Include="include\parsing.h">
      <Filter>Parsing</Filter>
    </ClInclude>
    <ClInclude Include="include\parsing.tab.h">
      <Filter>Parsing</Filter>
    </ClInclude>
    <ClInclude Include="include\BSDF.hpp" />
    <ClInclude Include="include\MicrofacetDistribution.hpp" />
    <ClInclude Include="include\Material.hpp" />
    <ClInclude Include="include\MatteMaterial.hpp">
      <Filter>Materials</Filter>
    </ClInclude>
    <ClInclude Include="include\PlasticMaterial.hpp">
      <Filter>Materials</Filter>
    </ClInclude>
    <ClInclude Include="include\MixedMaterial.hpp">
      <Filter>Materials</Filter>
    </ClInclude>
    <ClInclude Include="include\Texture.hpp" />
    <ClInclude Include="include\SpecularBRDF.hpp">
      <Filter>BXDFs</Filter>
    </ClInclude>
    <ClInclude Include="include\SpecularBTDF.hpp">
      <Filter>BXDFs</Filter>
    </ClInclude>
    <ClInclude Include="include\SpecularBSDF.hpp">
      <Filter>BXDFs</Filter>
    </ClInclude>
    <ClInclude Include="include\LambertianBRDF.hpp">
      <Filter>BXDFs</Filter>
    </ClInclude>
    <ClInclude Include="include\LambertianBTDF.hpp">
      <Filter>BXDFs</Filter>
    </ClInclude>
    <ClInclude Include="include\OrenNayarBRDF.hpp">
      <Filter>BXDFs</Filter>
    </ClInclude>
    <ClInclude Include="include\MicrofacetBRDF.hpp">
      <Filter>BXDFs</Filter>
    </ClInclude>
    <ClInclude Include="include\MicrofacetBTDF.hpp">
      <Filter>BXDFs</Filter>
    </ClInclude>
    <ClInclude Include="include\FresnelReflector.hpp" />
    <ClInclude Include="include\Sampler.hpp" />
    <ClInclude Include="include\sampling.hpp" />
    <ClInclude Include="include\ConstantTexture.hpp">
      <Filter>Textures</Filter>
    </ClInclude>
    <ClInclude Include="include\ScaledTexture.hpp">
      <Filter>Textures</Filter>
    </ClInclude>
    <ClInclude Include="include\MixedTexture.hpp">
      <Filter>Textures</Filter>
    </ClInclude>
    <ClInclude Include="include\BilinearInterpolationTexture.hpp">
      <Filter>Textures</Filter>
    </ClInclude>
    <ClInclude Include="include\Light.hpp" />
    <ClInclude Include="include\PointLight.hpp">
      <Filter>Lights</Filter>
    </ClInclude>
    <ClInclude Include="include\SpotLight.hpp">
      <Filter>Lights</Filter>
    </ClInclude>
    <ClInclude Include="include\DistantLight.hpp">
      <Filter>Lights</Filter>
    </ClInclude>
    <ClInclude Include="include\DiffuseAreaLight.hpp">
      <Filter>Lights</Filter>
    </ClInclude>
    <ClInclude Include="include\WhittedIntegrator.hpp">
      <Filter>Integrators</Filter>
    </ClInclude>
    <ClInclude Include="include\BoundingVolumeHierarchy.hpp">
      <Filter>Acceleration structures</Filter>
    </ClInclude>
  </ItemGroup>
  <ItemGroup>
    <Flex Include="src\parsing.l">
      <Filter>Parsing</Filter>
    </Flex>
  </ItemGroup>
  <ItemGroup>
    <Bison Include="src\parsing.y">
      <Filter>Parsing</Filter>
    </Bison>
  </ItemGroup>
</Project>