<?xml version="1.0" encoding="utf-8"?>
<Project ToolsVersion="4.0" xmlns="http://schemas.microsoft.com/developer/msbuild/2003">
  <ItemGroup>
    <Filter Include="Linear algebra">
      <UniqueIdentifier>{6c0ad61e-d3ed-4aff-8ecd-700f5a8684f4}</UniqueIdentifier>
    </Filter>
    <Filter Include="Math">
      <UniqueIdentifier>{e0e70cb7-7ad6-466d-b9da-e2ba475770ab}</UniqueIdentifier>
    </Filter>
    <Filter Include="Precision">
      <UniqueIdentifier>{326366eb-4db4-44c9-8eab-236d1d5d60e7}</UniqueIdentifier>
    </Filter>
    <Filter Include="Utility">
      <UniqueIdentifier>{60d33487-2249-4219-8316-9ac394e19f34}</UniqueIdentifier>
    </Filter>
    <Filter Include="Error">
      <UniqueIdentifier>{7035f643-11dc-44af-949f-ffbe3eb5c4af}</UniqueIdentifier>
    </Filter>
    <Filter Include="Memory">
      <UniqueIdentifier>{cfb59168-2c03-47f2-b801-c209f17e182c}</UniqueIdentifier>
    </Filter>
    <Filter Include="Parallel">
      <UniqueIdentifier>{2c208a8a-a667-4b29-9167-23e5e3a7ff0a}</UniqueIdentifier>
    </Filter>
  </ItemGroup>
  <ItemGroup>
    <ClInclude Include="include\precision.hpp">
      <Filter>Precision</Filter>
    </ClInclude>
    <ClInclude Include="include\math.hpp">
      <Filter>Math</Filter>
    </ClInclude>
    <ClInclude Include="include\Matrix4x4.hpp">
      <Filter>Linear algebra</Filter>
    </ClInclude>
    <ClInclude Include="include\image_util.hpp">
      <Filter>Utility</Filter>
    </ClInclude>
    <ClInclude Include="include\string_util.hpp">
      <Filter>Utility</Filter>
    </ClInclude>
    <ClInclude Include="include\ErrorFloat.hpp">
      <Filter>Precision</Filter>
    </ClInclude>
    <ClInclude Include="include\error.hpp">
      <Filter>Error</Filter>
    </ClInclude>
    <ClInclude Include="include\memory.hpp">
      <Filter>Memory</Filter>
    </ClInclude>
    <ClInclude Include="include\RegionAllocator.hpp">
      <Filter>Memory</Filter>
    </ClInclude>
    <ClInclude Include="include\BlockedArray.hpp">
      <Filter>Memory</Filter>
    </ClInclude>
    <ClInclude Include="include\RandomNumberGenerator.hpp">
      <Filter>Math</Filter>
    </ClInclude>
    <ClInclude Include="include\AtomicFloat.hpp">
      <Filter>Parallel</Filter>
    </ClInclude>
    <ClInclude Include="include\parallel.hpp">
      <Filter>Parallel</Filter>
    </ClInclude>
    <ClInclude Include="include\Barrier.hpp">
      <Filter>Parallel</Filter>
    </ClInclude>
  </ItemGroup>
  <ItemGroup>
    <ClCompile Include="src\Matrix4x4.cpp">
      <Filter>Linear algebra</Filter>
    </ClCompile>
    <ClCompile Include="src\string_util.cpp">
      <Filter>Utility</Filter>
    </ClCompile>
    <ClCompile Include="src\image_util.cpp">
      <Filter>Utility</Filter>
    </ClCompile>
    <ClCompile Include="src\RegionAllocator.cpp">
      <Filter>Memory</Filter>
    </ClCompile>
    <ClCompile Include="src\RandomNumberGenerator.cpp">
      <Filter>Math</Filter>
    </ClCompile>
    <ClCompile Include="src\AtomicFloat.cpp">
      <Filter>Parallel</Filter>
    </ClCompile>
    <ClCompile Include="src\parallel.cpp">
      <Filter>Parallel</Filter>
    </ClCompile>
    <ClCompile Include="src\math.cpp">
      <Filter>Math</Filter>
    </ClCompile>
    <ClCompile Include="src\Barrier.cpp">
      <Filter>Parallel</Filter>
    </ClCompile>
    <ClCompile Include="src\precision.cpp">
      <Filter>Precision</Filter>
    </ClCompile>
  </ItemGroup>
</Project>